PODS:
  - Alamofire (4.7.3)
  - Nexmo-Stitch (1.8.0):
    - Alamofire (~> 4.0)
    - NexmoGRDB.swift (~> 0.90)
    - NexmoWebRTC (~> 63.11)
    - RxSwift (~> 4.0)
    - Socket.IO-Client-Swift (~> 13.0)
  - NexmoGRDB.swift (0.90.5)
  - NexmoWebRTC (63.11.16)
  - RxSwift (4.2.0)
  - Socket.IO-Client-Swift (13.3.0):
    - Starscream (~> 3.0.2)
  - Starscream (3.0.5)

DEPENDENCIES:
  - Nexmo-Stitch

SPEC REPOS:
  https://github.com/cocoapods/specs.git:
    - Alamofire
    - Nexmo-Stitch
    - NexmoGRDB.swift
    - NexmoWebRTC
    - RxSwift
    - Socket.IO-Client-Swift
    - Starscream

SPEC CHECKSUMS:
  Alamofire: c7287b6e5d7da964a70935e5db17046b7fde6568
  Nexmo-Stitch: ecb45e5573ce0ada64c349e91850bccbffc7b7ed
  NexmoGRDB.swift: a3f76f83f87c0836f3b2cdb375aa7e9e9f8bce3a
  NexmoWebRTC: 259075ae09616c4b847024f0dccd22650dc3a14c
  RxSwift: 99e10317ddfcc7fbe01356aafd118fde4a0be104
  Socket.IO-Client-Swift: 0afb192a562db90d50e3f7f7421c06925a3f0179
  Starscream: faf918b2f2eff7d5dd21180646bf015a669673bd

PODFILE CHECKSUM: 8e12904bf0a2dd4515821546e80f95fb7eda23ed

COCOAPODS: 1.5.2
