PODS:
  - Alamofire (4.6.0)
  - NexmoGRDB.swift (0.90.3)
  - NexmoWebRTC (63.11.16)
  - RxCocoa (4.1.2):
    - RxSwift (~> 4.0)
  - RxSwift (4.1.2)
  - Socket.IO-Client-Swift (13.1.1):
    - Starscream (~> 3.0.2)
  - Starscream (3.0.4)
  - Stitch (0.21.1):
    - Alamofire (~> 4.6.0)
    - NexmoGRDB.swift (~> 0.90.3)
    - NexmoWebRTC (~> 63.11.16)
    - RxCocoa (~> 4.1.2)
    - Socket.IO-Client-Swift (~> 13.1.1)

DEPENDENCIES:
  - Stitch

SPEC CHECKSUMS:
  Alamofire: f41a599bd63041760b26d393ec1069d9d7b917f4
  NexmoGRDB.swift: 9d8f304ccfda140dd94c572299fd5b967713a1d0
  NexmoWebRTC: 259075ae09616c4b847024f0dccd22650dc3a14c
  RxCocoa: d88ba0f1f6abf040011a9eb4b539324fc426843a
  RxSwift: e49536837d9901277638493ea537394d4b55f570
  Socket.IO-Client-Swift: f22222913f29801e30ae0df712db663ec096edc2
  Starscream: f5da93fe6984c77b694366bf7299b7dc63a76f26
  Stitch: dd9eb0e1c2bf06cc827ac77769db9572f83c7307

PODFILE CHECKSUM: 4e3baf1f724758c28fcb0375eb817472f0d76bef

COCOAPODS: 1.4.0
