// !$*UTF8*$!
{
	archiveVersion = 1;
	classes = {
	};
	objectVersion = 48;
	objects = {

/* Begin PBXBuildFile section */
		39D462AD5EA9C6961F905182 /* Pods_convenience_calling.framework in Frameworks */ = {isa = PBXBuildFile; fileRef = 04E5D48F081ABB0500798A55 /* Pods_convenience_calling.framework */; };
		9975DE6020B8A68600AE3613 /* AppDelegate.swift in Sources */ = {isa = PBXBuildFile; fileRef = 9975DE5F20B8A68600AE3613 /* AppDelegate.swift */; };
		9975DE6520B8A68600AE3613 /* Main.storyboard in Resources */ = {isa = PBXBuildFile; fileRef = 9975DE6320B8A68600AE3613 /* Main.storyboard */; };
		9975DE6720B8A68600AE3613 /* Assets.xcassets in Resources */ = {isa = PBXBuildFile; fileRef = 9975DE6620B8A68600AE3613 /* Assets.xcassets */; };
		9975DE6A20B8A68600AE3613 /* LaunchScreen.storyboard in Resources */ = {isa = PBXBuildFile; fileRef = 9975DE6820B8A68600AE3613 /* LaunchScreen.storyboard */; };
		9975DE7220B8B6BE00AE3613 /* LoginViewController.swift in Sources */ = {isa = PBXBuildFile; fileRef = 9975DE7120B8B6BE00AE3613 /* LoginViewController.swift */; };
		9993559720BFB16F00AB9FAC /* ChatController.swift in Sources */ = {isa = PBXBuildFile; fileRef = 9993559620BFB16F00AB9FAC /* ChatController.swift */; };
/* End PBXBuildFile section */

/* Begin PBXFileReference section */
		04E5D48F081ABB0500798A55 /* Pods_convenience_calling.framework */ = {isa = PBXFileReference; explicitFileType = wrapper.framework; includeInIndex = 0; path = Pods_convenience_calling.framework; sourceTree = BUILT_PRODUCTS_DIR; };
		2EA4FD52C66182AD9B62F677 /* Pods-convenience-calling.release.xcconfig */ = {isa = PBXFileReference; includeInIndex = 1; lastKnownFileType = text.xcconfig; name = "Pods-convenience-calling.release.xcconfig"; path = "Pods/Target Support Files/Pods-convenience-calling/Pods-convenience-calling.release.xcconfig"; sourceTree = "<group>"; };
		9975DE5C20B8A68600AE3613 /* convenience-calling.app */ = {isa = PBXFileReference; explicitFileType = wrapper.application; includeInIndex = 0; path = "convenience-calling.app"; sourceTree = BUILT_PRODUCTS_DIR; };
		9975DE5F20B8A68600AE3613 /* AppDelegate.swift */ = {isa = PBXFileReference; lastKnownFileType = sourcecode.swift; path = AppDelegate.swift; sourceTree = "<group>"; };
		9975DE6420B8A68600AE3613 /* Base */ = {isa = PBXFileReference; lastKnownFileType = file.storyboard; name = Base; path = Base.lproj/Main.storyboard; sourceTree = "<group>"; };
		9975DE6620B8A68600AE3613 /* Assets.xcassets */ = {isa = PBXFileReference; lastKnownFileType = folder.assetcatalog; path = Assets.xcassets; sourceTree = "<group>"; };
		9975DE6920B8A68600AE3613 /* Base */ = {isa = PBXFileReference; lastKnownFileType = file.storyboard; name = Base; path = Base.lproj/LaunchScreen.storyboard; sourceTree = "<group>"; };
		9975DE6B20B8A68600AE3613 /* Info.plist */ = {isa = PBXFileReference; lastKnownFileType = text.plist.xml; path = Info.plist; sourceTree = "<group>"; };
		9975DE7120B8B6BE00AE3613 /* LoginViewController.swift */ = {isa = PBXFileReference; lastKnownFileType = sourcecode.swift; path = LoginViewController.swift; sourceTree = "<group>"; };
		9993559620BFB16F00AB9FAC /* ChatController.swift */ = {isa = PBXFileReference; lastKnownFileType = sourcecode.swift; path = ChatController.swift; sourceTree = "<group>"; };
		F1395A63335F8D5266AA1056 /* Pods-convenience-calling.debug.xcconfig */ = {isa = PBXFileReference; includeInIndex = 1; lastKnownFileType = text.xcconfig; name = "Pods-convenience-calling.debug.xcconfig"; path = "Pods/Target Support Files/Pods-convenience-calling/Pods-convenience-calling.debug.xcconfig"; sourceTree = "<group>"; };
/* End PBXFileReference section */

/* Begin PBXFrameworksBuildPhase section */
		9975DE5920B8A68600AE3613 /* Frameworks */ = {
			isa = PBXFrameworksBuildPhase;
			buildActionMask = 2147483647;
			files = (
				39D462AD5EA9C6961F905182 /* Pods_convenience_calling.framework in Frameworks */,
			);
			runOnlyForDeploymentPostprocessing = 0;
		};
/* End PBXFrameworksBuildPhase section */

/* Begin PBXGroup section */
		9975DE5320B8A68500AE3613 = {
			isa = PBXGroup;
			children = (
				9975DE5E20B8A68600AE3613 /* convenience-calling */,
				9975DE5D20B8A68600AE3613 /* Products */,
				AB3F76DACC5C95F1F983105B /* Pods */,
				EB0C29E41218E224EEEF4642 /* Frameworks */,
			);
			sourceTree = "<group>";
		};
		9975DE5D20B8A68600AE3613 /* Products */ = {
			isa = PBXGroup;
			children = (
				9975DE5C20B8A68600AE3613 /* convenience-calling.app */,
			);
			name = Products;
			sourceTree = "<group>";
		};
		9975DE5E20B8A68600AE3613 /* convenience-calling */ = {
			isa = PBXGroup;
			children = (
				9975DE5F20B8A68600AE3613 /* AppDelegate.swift */,
				9975DE7120B8B6BE00AE3613 /* LoginViewController.swift */,
				9993559620BFB16F00AB9FAC /* ChatController.swift */,
				9975DE6320B8A68600AE3613 /* Main.storyboard */,
				9975DE6620B8A68600AE3613 /* Assets.xcassets */,
				9975DE6820B8A68600AE3613 /* LaunchScreen.storyboard */,
				9975DE6B20B8A68600AE3613 /* Info.plist */,
			);
			path = "convenience-calling";
			sourceTree = "<group>";
		};
		AB3F76DACC5C95F1F983105B /* Pods */ = {
			isa = PBXGroup;
			children = (
				F1395A63335F8D5266AA1056 /* Pods-convenience-calling.debug.xcconfig */,
				2EA4FD52C66182AD9B62F677 /* Pods-convenience-calling.release.xcconfig */,
			);
			name = Pods;
			sourceTree = "<group>";
		};
		EB0C29E41218E224EEEF4642 /* Frameworks */ = {
			isa = PBXGroup;
			children = (
				04E5D48F081ABB0500798A55 /* Pods_convenience_calling.framework */,
			);
			name = Frameworks;
			sourceTree = "<group>";
		};
/* End PBXGroup section */

/* Begin PBXNativeTarget section */
		9975DE5B20B8A68600AE3613 /* convenience-calling */ = {
			isa = PBXNativeTarget;
			buildConfigurationList = 9975DE6E20B8A68600AE3613 /* Build configuration list for PBXNativeTarget "convenience-calling" */;
			buildPhases = (
				3D338083085EA4D303407767 /* [CP] Check Pods Manifest.lock */,
				9975DE5820B8A68600AE3613 /* Sources */,
				9975DE5920B8A68600AE3613 /* Frameworks */,
				9975DE5A20B8A68600AE3613 /* Resources */,
				E20D34D81398755529DCF5C2 /* [CP] Embed Pods Frameworks */,
				4DE55A15E8F92F1362870CCB /* [CP] Copy Pods Resources */,
			);
			buildRules = (
			);
			dependencies = (
			);
			name = "convenience-calling";
			productName = "convenience-calling";
			productReference = 9975DE5C20B8A68600AE3613 /* convenience-calling.app */;
			productType = "com.apple.product-type.application";
		};
/* End PBXNativeTarget section */

/* Begin PBXProject section */
		9975DE5420B8A68500AE3613 /* Project object */ = {
			isa = PBXProject;
			attributes = {
				LastSwiftUpdateCheck = 0910;
				LastUpgradeCheck = 0910;
				ORGANIZATIONNAME = "Nexmo, Inc.";
				TargetAttributes = {
					9975DE5B20B8A68600AE3613 = {
						CreatedOnToolsVersion = 9.1;
						ProvisioningStyle = Automatic;
					};
				};
			};
			buildConfigurationList = 9975DE5720B8A68500AE3613 /* Build configuration list for PBXProject "convenience-calling" */;
			compatibilityVersion = "Xcode 8.0";
			developmentRegion = en;
			hasScannedForEncodings = 0;
			knownRegions = (
				en,
				Base,
			);
			mainGroup = 9975DE5320B8A68500AE3613;
			productRefGroup = 9975DE5D20B8A68600AE3613 /* Products */;
			projectDirPath = "";
			projectRoot = "";
			targets = (
				9975DE5B20B8A68600AE3613 /* convenience-calling */,
			);
		};
/* End PBXProject section */

/* Begin PBXResourcesBuildPhase section */
		9975DE5A20B8A68600AE3613 /* Resources */ = {
			isa = PBXResourcesBuildPhase;
			buildActionMask = 2147483647;
			files = (
				9975DE6A20B8A68600AE3613 /* LaunchScreen.storyboard in Resources */,
				9975DE6720B8A68600AE3613 /* Assets.xcassets in Resources */,
				9975DE6520B8A68600AE3613 /* Main.storyboard in Resources */,
			);
			runOnlyForDeploymentPostprocessing = 0;
		};
/* End PBXResourcesBuildPhase section */

/* Begin PBXShellScriptBuildPhase section */
		3D338083085EA4D303407767 /* [CP] Check Pods Manifest.lock */ = {
			isa = PBXShellScriptBuildPhase;
			buildActionMask = 2147483647;
			files = (
			);
			inputPaths = (
				"${PODS_PODFILE_DIR_PATH}/Podfile.lock",
				"${PODS_ROOT}/Manifest.lock",
			);
			name = "[CP] Check Pods Manifest.lock";
			outputPaths = (
				"$(DERIVED_FILE_DIR)/Pods-convenience-calling-checkManifestLockResult.txt",
			);
			runOnlyForDeploymentPostprocessing = 0;
			shellPath = /bin/sh;
			shellScript = "diff \"${PODS_PODFILE_DIR_PATH}/Podfile.lock\" \"${PODS_ROOT}/Manifest.lock\" > /dev/null\nif [ $? != 0 ] ; then\n    # print error to STDERR\n    echo \"error: The sandbox is not in sync with the Podfile.lock. Run 'pod install' or update your CocoaPods installation.\" >&2\n    exit 1\nfi\n# This output is used by Xcode 'outputs' to avoid re-running this script phase.\necho \"SUCCESS\" > \"${SCRIPT_OUTPUT_FILE_0}\"\n";
			showEnvVarsInLog = 0;
		};
		4DE55A15E8F92F1362870CCB /* [CP] Copy Pods Resources */ = {
			isa = PBXShellScriptBuildPhase;
			buildActionMask = 2147483647;
			files = (
			);
			inputPaths = (
			);
			name = "[CP] Copy Pods Resources";
			outputPaths = (
			);
			runOnlyForDeploymentPostprocessing = 0;
			shellPath = /bin/sh;
			shellScript = "\"${SRCROOT}/Pods/Target Support Files/Pods-convenience-calling/Pods-convenience-calling-resources.sh\"\n";
			showEnvVarsInLog = 0;
		};
		E20D34D81398755529DCF5C2 /* [CP] Embed Pods Frameworks */ = {
			isa = PBXShellScriptBuildPhase;
			buildActionMask = 2147483647;
			files = (
			);
			inputPaths = (
				"${SRCROOT}/Pods/Target Support Files/Pods-convenience-calling/Pods-convenience-calling-frameworks.sh",
				"${BUILT_PRODUCTS_DIR}/Alamofire/Alamofire.framework",
				"${PODS_ROOT}/Nexmo-Stitch/Carthage/Build/iOS/Stitch.framework",
				"${PODS_ROOT}/Nexmo-Stitch/Carthage/Build/iOS/Stitch.framework.dSYM",
				"${BUILT_PRODUCTS_DIR}/NexmoGRDB.swift/GRDB.framework",
				"${PODS_ROOT}/NexmoWebRTC/WebRTC.framework",
				"${BUILT_PRODUCTS_DIR}/RxSwift/RxSwift.framework",
				"${BUILT_PRODUCTS_DIR}/Socket.IO-Client-Swift/SocketIO.framework",
				"${BUILT_PRODUCTS_DIR}/Starscream/Starscream.framework",
			);
			name = "[CP] Embed Pods Frameworks";
			outputPaths = (
				"${TARGET_BUILD_DIR}/${FRAMEWORKS_FOLDER_PATH}/Alamofire.framework",
				"${TARGET_BUILD_DIR}/${FRAMEWORKS_FOLDER_PATH}/Stitch.framework",
				"${DWARF_DSYM_FOLDER_PATH}/Stitch.framework.dSYM",
				"${TARGET_BUILD_DIR}/${FRAMEWORKS_FOLDER_PATH}/GRDB.framework",
				"${TARGET_BUILD_DIR}/${FRAMEWORKS_FOLDER_PATH}/WebRTC.framework",
				"${TARGET_BUILD_DIR}/${FRAMEWORKS_FOLDER_PATH}/RxSwift.framework",
				"${TARGET_BUILD_DIR}/${FRAMEWORKS_FOLDER_PATH}/SocketIO.framework",
				"${TARGET_BUILD_DIR}/${FRAMEWORKS_FOLDER_PATH}/Starscream.framework",
			);
			runOnlyForDeploymentPostprocessing = 0;
			shellPath = /bin/sh;
			shellScript = "\"${SRCROOT}/Pods/Target Support Files/Pods-convenience-calling/Pods-convenience-calling-frameworks.sh\"\n";
			showEnvVarsInLog = 0;
		};
/* End PBXShellScriptBuildPhase section */

/* Begin PBXSourcesBuildPhase section */
		9975DE5820B8A68600AE3613 /* Sources */ = {
			isa = PBXSourcesBuildPhase;
			buildActionMask = 2147483647;
			files = (
				9975DE7220B8B6BE00AE3613 /* LoginViewController.swift in Sources */,
				9975DE6020B8A68600AE3613 /* AppDelegate.swift in Sources */,
				9993559720BFB16F00AB9FAC /* ChatController.swift in Sources */,
			);
			runOnlyForDeploymentPostprocessing = 0;
		};
/* End PBXSourcesBuildPhase section */

/* Begin PBXVariantGroup section */
		9975DE6320B8A68600AE3613 /* Main.storyboard */ = {
			isa = PBXVariantGroup;
			children = (
				9975DE6420B8A68600AE3613 /* Base */,
			);
			name = Main.storyboard;
			sourceTree = "<group>";
		};
		9975DE6820B8A68600AE3613 /* LaunchScreen.storyboard */ = {
			isa = PBXVariantGroup;
			children = (
				9975DE6920B8A68600AE3613 /* Base */,
			);
			name = LaunchScreen.storyboard;
			sourceTree = "<group>";
		};
/* End PBXVariantGroup section */

/* Begin XCBuildConfiguration section */
		9975DE6C20B8A68600AE3613 /* Debug */ = {
			isa = XCBuildConfiguration;
			buildSettings = {
				ALWAYS_SEARCH_USER_PATHS = NO;
				CLANG_ANALYZER_NONNULL = YES;
				CLANG_ANALYZER_NUMBER_OBJECT_CONVERSION = YES_AGGRESSIVE;
				CLANG_CXX_LANGUAGE_STANDARD = "gnu++14";
				CLANG_CXX_LIBRARY = "libc++";
				CLANG_ENABLE_MODULES = YES;
				CLANG_ENABLE_OBJC_ARC = YES;
				CLANG_WARN_BLOCK_CAPTURE_AUTORELEASING = YES;
				CLANG_WARN_BOOL_CONVERSION = YES;
				CLANG_WARN_COMMA = YES;
				CLANG_WARN_CONSTANT_CONVERSION = YES;
				CLANG_WARN_DIRECT_OBJC_ISA_USAGE = YES_ERROR;
				CLANG_WARN_DOCUMENTATION_COMMENTS = YES;
				CLANG_WARN_EMPTY_BODY = YES;
				CLANG_WARN_ENUM_CONVERSION = YES;
				CLANG_WARN_INFINITE_RECURSION = YES;
				CLANG_WARN_INT_CONVERSION = YES;
				CLANG_WARN_NON_LITERAL_NULL_CONVERSION = YES;
				CLANG_WARN_OBJC_LITERAL_CONVERSION = YES;
				CLANG_WARN_OBJC_ROOT_CLASS = YES_ERROR;
				CLANG_WARN_RANGE_LOOP_ANALYSIS = YES;
				CLANG_WARN_STRICT_PROTOTYPES = YES;
				CLANG_WARN_SUSPICIOUS_MOVE = YES;
				CLANG_WARN_UNGUARDED_AVAILABILITY = YES_AGGRESSIVE;
				CLANG_WARN_UNREACHABLE_CODE = YES;
				CLANG_WARN__DUPLICATE_METHOD_MATCH = YES;
				CODE_SIGN_IDENTITY = "iPhone Developer";
				COPY_PHASE_STRIP = NO;
				DEBUG_INFORMATION_FORMAT = dwarf;
				ENABLE_STRICT_OBJC_MSGSEND = YES;
				ENABLE_TESTABILITY = YES;
				GCC_C_LANGUAGE_STANDARD = gnu11;
				GCC_DYNAMIC_NO_PIC = NO;
				GCC_NO_COMMON_BLOCKS = YES;
				GCC_OPTIMIZATION_LEVEL = 0;
				GCC_PREPROCESSOR_DEFINITIONS = (
					"DEBUG=1",
					"$(inherited)",
				);
				GCC_WARN_64_TO_32_BIT_CONVERSION = YES;
				GCC_WARN_ABOUT_RETURN_TYPE = YES_ERROR;
				GCC_WARN_UNDECLARED_SELECTOR = YES;
				GCC_WARN_UNINITIALIZED_AUTOS = YES_AGGRESSIVE;
				GCC_WARN_UNUSED_FUNCTION = YES;
				GCC_WARN_UNUSED_VARIABLE = YES;
				IPHONEOS_DEPLOYMENT_TARGET = 11.1;
				MTL_ENABLE_DEBUG_INFO = YES;
				ONLY_ACTIVE_ARCH = YES;
				SDKROOT = iphoneos;
				SWIFT_ACTIVE_COMPILATION_CONDITIONS = DEBUG;
				SWIFT_OPTIMIZATION_LEVEL = "-Onone";
			};
			name = Debug;
		};
		9975DE6D20B8A68600AE3613 /* Release */ = {
			isa = XCBuildConfiguration;
			buildSettings = {
				ALWAYS_SEARCH_USER_PATHS = NO;
				CLANG_ANALYZER_NONNULL = YES;
				CLANG_ANALYZER_NUMBER_OBJECT_CONVERSION = YES_AGGRESSIVE;
				CLANG_CXX_LANGUAGE_STANDARD = "gnu++14";
				CLANG_CXX_LIBRARY = "libc++";
				CLANG_ENABLE_MODULES = YES;
				CLANG_ENABLE_OBJC_ARC = YES;
				CLANG_WARN_BLOCK_CAPTURE_AUTORELEASING = YES;
				CLANG_WARN_BOOL_CONVERSION = YES;
				CLANG_WARN_COMMA = YES;
				CLANG_WARN_CONSTANT_CONVERSION = YES;
				CLANG_WARN_DIRECT_OBJC_ISA_USAGE = YES_ERROR;
				CLANG_WARN_DOCUMENTATION_COMMENTS = YES;
				CLANG_WARN_EMPTY_BODY = YES;
				CLANG_WARN_ENUM_CONVERSION = YES;
				CLANG_WARN_INFINITE_RECURSION = YES;
				CLANG_WARN_INT_CONVERSION = YES;
				CLANG_WARN_NON_LITERAL_NULL_CONVERSION = YES;
				CLANG_WARN_OBJC_LITERAL_CONVERSION = YES;
				CLANG_WARN_OBJC_ROOT_CLASS = YES_ERROR;
				CLANG_WARN_RANGE_LOOP_ANALYSIS = YES;
				CLANG_WARN_STRICT_PROTOTYPES = YES;
				CLANG_WARN_SUSPICIOUS_MOVE = YES;
				CLANG_WARN_UNGUARDED_AVAILABILITY = YES_AGGRESSIVE;
				CLANG_WARN_UNREACHABLE_CODE = YES;
				CLANG_WARN__DUPLICATE_METHOD_MATCH = YES;
				CODE_SIGN_IDENTITY = "iPhone Developer";
				COPY_PHASE_STRIP = NO;
				DEBUG_INFORMATION_FORMAT = "dwarf-with-dsym";
				ENABLE_NS_ASSERTIONS = NO;
				ENABLE_STRICT_OBJC_MSGSEND = YES;
				GCC_C_LANGUAGE_STANDARD = gnu11;
				GCC_NO_COMMON_BLOCKS = YES;
				GCC_WARN_64_TO_32_BIT_CONVERSION = YES;
				GCC_WARN_ABOUT_RETURN_TYPE = YES_ERROR;
				GCC_WARN_UNDECLARED_SELECTOR = YES;
				GCC_WARN_UNINITIALIZED_AUTOS = YES_AGGRESSIVE;
				GCC_WARN_UNUSED_FUNCTION = YES;
				GCC_WARN_UNUSED_VARIABLE = YES;
				IPHONEOS_DEPLOYMENT_TARGET = 11.1;
				MTL_ENABLE_DEBUG_INFO = NO;
				SDKROOT = iphoneos;
				SWIFT_OPTIMIZATION_LEVEL = "-Owholemodule";
				VALIDATE_PRODUCT = YES;
			};
			name = Release;
		};
		9975DE6F20B8A68600AE3613 /* Debug */ = {
			isa = XCBuildConfiguration;
			baseConfigurationReference = F1395A63335F8D5266AA1056 /* Pods-convenience-calling.debug.xcconfig */;
			buildSettings = {
				ASSETCATALOG_COMPILER_APPICON_NAME = AppIcon;
				CODE_SIGN_STYLE = Automatic;
				INFOPLIST_FILE = "convenience-calling/Info.plist";
				LD_RUNPATH_SEARCH_PATHS = "$(inherited) @executable_path/Frameworks";
				PRODUCT_BUNDLE_IDENTIFIER = "com.nexmo.convenience-calling";
				PRODUCT_NAME = "$(TARGET_NAME)";
				SWIFT_VERSION = 4.0;
				TARGETED_DEVICE_FAMILY = "1,2";
			};
			name = Debug;
		};
		9975DE7020B8A68600AE3613 /* Release */ = {
			isa = XCBuildConfiguration;
			baseConfigurationReference = 2EA4FD52C66182AD9B62F677 /* Pods-convenience-calling.release.xcconfig */;
			buildSettings = {
				ASSETCATALOG_COMPILER_APPICON_NAME = AppIcon;
				CODE_SIGN_STYLE = Automatic;
				INFOPLIST_FILE = "convenience-calling/Info.plist";
				LD_RUNPATH_SEARCH_PATHS = "$(inherited) @executable_path/Frameworks";
				PRODUCT_BUNDLE_IDENTIFIER = "com.nexmo.convenience-calling";
				PRODUCT_NAME = "$(TARGET_NAME)";
				SWIFT_VERSION = 4.0;
				TARGETED_DEVICE_FAMILY = "1,2";
			};
			name = Release;
		};
/* End XCBuildConfiguration section */

/* Begin XCConfigurationList section */
		9975DE5720B8A68500AE3613 /* Build configuration list for PBXProject "convenience-calling" */ = {
			isa = XCConfigurationList;
			buildConfigurations = (
				9975DE6C20B8A68600AE3613 /* Debug */,
				9975DE6D20B8A68600AE3613 /* Release */,
			);
			defaultConfigurationIsVisible = 0;
			defaultConfigurationName = Release;
		};
		9975DE6E20B8A68600AE3613 /* Build configuration list for PBXNativeTarget "convenience-calling" */ = {
			isa = XCConfigurationList;
			buildConfigurations = (
				9975DE6F20B8A68600AE3613 /* Debug */,
				9975DE7020B8A68600AE3613 /* Release */,
			);
			defaultConfigurationIsVisible = 0;
			defaultConfigurationName = Release;
		};
/* End XCConfigurationList section */
	};
	rootObject = 9975DE5420B8A68500AE3613 /* Project object */;
}
